
Microsoft Visual Studio Solution File, Format Version 12.00
# Visual Studio Version 16
VisualStudioVersion = 16.0.31410.357
MinimumVisualStudioVersion = 10.0.40219.1
Project("{FAE04EC0-301F-11D3-BF4B-00C04F79EFBC}") = "F1-2021-Telemetry", "F1-2021-Telemetry\F1-2021-Telemetry.csproj", "{519912D1-4C46-45B3-864C-75FE7E842567}"
EndProject
Global
	GlobalSection(SolutionConfigurationPlatforms) = preSolution
		Debug|Any CPU = Debug|Any CPU
		Release|Any CPU = Release|Any CPU
	EndGlobalSection
	GlobalSection(ProjectConfigurationPlatforms) = postSolution
		{519912D1-4C46-45B3-864C-75FE7E842567}.Debug|Any CPU.ActiveCfg = Debug|Any CPU
		{519912D1-4C46-45B3-864C-75FE7E842567}.Debug|Any CPU.Build.0 = Debug|Any CPU
		{519912D1-4C46-45B3-864C-75FE7E842567}.Release|Any CPU.ActiveCfg = Release|Any CPU
		{519912D1-4C46-45B3-864C-75FE7E842567}.Release|Any CPU.Build.0 = Release|Any CPU
	EndGlobalSection
	GlobalSection(SolutionProperties) = preSolution
		HideSolutionNode = FALSE
	EndGlobalSection
	GlobalSection(ExtensibilityGlobals) = postSolution
		SolutionGuid = {CEFEEAFB-636D-4EC4-B92E-6805407A0C16}
	EndGlobalSection
EndGlobal
